
Microsoft Visual Studio Solution File, Format Version 12.00
Project("{FAE04EC0-301F-11D3-BF4B-00C04F79EFBC}") = "Api", "Api\Api.csproj", "{401D6D40-BD2D-448F-A214-F8E0706EE01B}"
EndProject
Global
	GlobalSection(SolutionConfigurationPlatforms) = preSolution
		Debug|Any CPU = Debug|Any CPU
		Release|Any CPU = Release|Any CPU
	EndGlobalSection
	GlobalSection(ProjectConfigurationPlatforms) = postSolution
		{401D6D40-BD2D-448F-A214-F8E0706EE01B}.Debug|Any CPU.ActiveCfg = Debug|Any CPU
		{401D6D40-BD2D-448F-A214-F8E0706EE01B}.Debug|Any CPU.Build.0 = Debug|Any CPU
		{401D6D40-BD2D-448F-A214-F8E0706EE01B}.Release|Any CPU.ActiveCfg = Release|Any CPU
		{401D6D40-BD2D-448F-A214-F8E0706EE01B}.Release|Any CPU.Build.0 = Release|Any CPU
	EndGlobalSection
EndGlobal
